{
  "object": {
    "pins": [
      {
        "package": "NewsAPI",
        "repositoryURL": "https://github.com/mtfum/NewsAPI.git",
        "state": {
          "branch": null,
          "revision": "cc385bc98173304acf10840d692411404449a87d",
          "version": "0.1.0"
        }
      },
      {
        "package": "swift-collections",
        "repositoryURL": "https://github.com/apple/swift-collections.git",
        "state": {
          "branch": null,
          "revision": "0959ba76a1d4a98fd11163aa83fd49c25b93bfae",
          "version": "0.0.5"
        }
      }
    ]
  },
  "version": 1
}
