// !$*UTF8*$!
{
	archiveVersion = 1;
	classes = {
	};
	objectVersion = 55;
	objects = {

/* Begin PBXBuildFile section */
		26133C122682F30F009EEF97 /* NewsUIApp.swift in Sources */ = {isa = PBXBuildFile; fileRef = 26133C112682F30F009EEF97 /* NewsUIApp.swift */; };
		26133C142682F30F009EEF97 /* ContentView.swift in Sources */ = {isa = PBXBuildFile; fileRef = 26133C132682F30F009EEF97 /* ContentView.swift */; };
		26133C162682F310009EEF97 /* Assets.xcassets in Resources */ = {isa = PBXBuildFile; fileRef = 26133C152682F310009EEF97 /* Assets.xcassets */; };
		26133C192682F310009EEF97 /* Preview Assets.xcassets in Resources */ = {isa = PBXBuildFile; fileRef = 26133C182682F310009EEF97 /* Preview Assets.xcassets */; };
		26133C232682F310009EEF97 /* NewsUITests.swift in Sources */ = {isa = PBXBuildFile; fileRef = 26133C222682F310009EEF97 /* NewsUITests.swift */; };
		26133C2D2682F310009EEF97 /* NewsUIUITests.swift in Sources */ = {isa = PBXBuildFile; fileRef = 26133C2C2682F310009EEF97 /* NewsUIUITests.swift */; };
/* End PBXBuildFile section */

/* Begin PBXContainerItemProxy section */
		26133C1F2682F310009EEF97 /* PBXContainerItemProxy */ = {
			isa = PBXContainerItemProxy;
			containerPortal = 26133C062682F30F009EEF97 /* Project object */;
			proxyType = 1;
			remoteGlobalIDString = 26133C0D2682F30F009EEF97;
			remoteInfo = NewsUI;
		};
		26133C292682F310009EEF97 /* PBXContainerItemProxy */ = {
			isa = PBXContainerItemProxy;
			containerPortal = 26133C062682F30F009EEF97 /* Project object */;
			proxyType = 1;
			remoteGlobalIDString = 26133C0D2682F30F009EEF97;
			remoteInfo = NewsUI;
		};
/* End PBXContainerItemProxy section */

/* Begin PBXFileReference section */
		26133C0E2682F30F009EEF97 /* NewsUI.app */ = {isa = PBXFileReference; explicitFileType = wrapper.application; includeInIndex = 0; path = NewsUI.app; sourceTree = BUILT_PRODUCTS_DIR; };
		26133C112682F30F009EEF97 /* NewsUIApp.swift */ = {isa = PBXFileReference; lastKnownFileType = sourcecode.swift; path = NewsUIApp.swift; sourceTree = "<group>"; };
		26133C132682F30F009EEF97 /* ContentView.swift */ = {isa = PBXFileReference; lastKnownFileType = sourcecode.swift; path = ContentView.swift; sourceTree = "<group>"; };
		26133C152682F310009EEF97 /* Assets.xcassets */ = {isa = PBXFileReference; lastKnownFileType = folder.assetcatalog; path = Assets.xcassets; sourceTree = "<group>"; };
		26133C182682F310009EEF97 /* Preview Assets.xcassets */ = {isa = PBXFileReference; lastKnownFileType = folder.assetcatalog; path = "Preview Assets.xcassets"; sourceTree = "<group>"; };
		26133C1E2682F310009EEF97 /* NewsUITests.xctest */ = {isa = PBXFileReference; explicitFileType = wrapper.cfbundle; includeInIndex = 0; path = NewsUITests.xctest; sourceTree = BUILT_PRODUCTS_DIR; };
		26133C222682F310009EEF97 /* NewsUITests.swift */ = {isa = PBXFileReference; lastKnownFileType = sourcecode.swift; path = NewsUITests.swift; sourceTree = "<group>"; };
		26133C282682F310009EEF97 /* NewsUIUITests.xctest */ = {isa = PBXFileReference; explicitFileType = wrapper.cfbundle; includeInIndex = 0; path = NewsUIUITests.xctest; sourceTree = BUILT_PRODUCTS_DIR; };
		26133C2C2682F310009EEF97 /* NewsUIUITests.swift */ = {isa = PBXFileReference; lastKnownFileType = sourcecode.swift; path = NewsUIUITests.swift; sourceTree = "<group>"; };
/* End PBXFileReference section */

/* Begin PBXFrameworksBuildPhase section */
		26133C0B2682F30F009EEF97 /* Frameworks */ = {
			isa = PBXFrameworksBuildPhase;
			buildActionMask = 2147483647;
			files = (
			);
			runOnlyForDeploymentPostprocessing = 0;
		};
		26133C1B2682F310009EEF97 /* Frameworks */ = {
			isa = PBXFrameworksBuildPhase;
			buildActionMask = 2147483647;
			files = (
			);
			runOnlyForDeploymentPostprocessing = 0;
		};
		26133C252682F310009EEF97 /* Frameworks */ = {
			isa = PBXFrameworksBuildPhase;
			buildActionMask = 2147483647;
			files = (
			);
			runOnlyForDeploymentPostprocessing = 0;
		};
/* End PBXFrameworksBuildPhase section */

/* Begin PBXGroup section */
		26133C052682F30F009EEF97 = {
			isa = PBXGroup;
			children = (
				26133C102682F30F009EEF97 /* NewsUI */,
				26133C212682F310009EEF97 /* NewsUITests */,
				26133C2B2682F310009EEF97 /* NewsUIUITests */,
				26133C0F2682F30F009EEF97 /* Products */,
			);
			sourceTree = "<group>";
		};
		26133C0F2682F30F009EEF97 /* Products */ = {
			isa = PBXGroup;
			children = (
				26133C0E2682F30F009EEF97 /* NewsUI.app */,
				26133C1E2682F310009EEF97 /* NewsUITests.xctest */,
				26133C282682F310009EEF97 /* NewsUIUITests.xctest */,
			);
			name = Products;
			sourceTree = "<group>";
		};
		26133C102682F30F009EEF97 /* NewsUI */ = {
			isa = PBXGroup;
			children = (
				26133C112682F30F009EEF97 /* NewsUIApp.swift */,
				26133C132682F30F009EEF97 /* ContentView.swift */,
				26133C152682F310009EEF97 /* Assets.xcassets */,
				26133C172682F310009EEF97 /* Preview Content */,
			);
			path = NewsUI;
			sourceTree = "<group>";
		};
		26133C172682F310009EEF97 /* Preview Content */ = {
			isa = PBXGroup;
			children = (
				26133C182682F310009EEF97 /* Preview Assets.xcassets */,
			);
			path = "Preview Content";
			sourceTree = "<group>";
		};
		26133C212682F310009EEF97 /* NewsUITests */ = {
			isa = PBXGroup;
			children = (
				26133C222682F310009EEF97 /* NewsUITests.swift */,
			);
			path = NewsUITests;
			sourceTree = "<group>";
		};
		26133C2B2682F310009EEF97 /* NewsUIUITests */ = {
			isa = PBXGroup;
			children = (
				26133C2C2682F310009EEF97 /* NewsUIUITests.swift */,
			);
			path = NewsUIUITests;
			sourceTree = "<group>";
		};
/* End PBXGroup section */

/* Begin PBXNativeTarget section */
		26133C0D2682F30F009EEF97 /* NewsUI */ = {
			isa = PBXNativeTarget;
			buildConfigurationList = 26133C302682F310009EEF97 /* Build configuration list for PBXNativeTarget "NewsUI" */;
			buildPhases = (
				26133C0A2682F30F009EEF97 /* Sources */,
				26133C0B2682F30F009EEF97 /* Frameworks */,
				26133C0C2682F30F009EEF97 /* Resources */,
			);
			buildRules = (
			);
			dependencies = (
			);
			name = NewsUI;
			productName = NewsUI;
			productReference = 26133C0E2682F30F009EEF97 /* NewsUI.app */;
			productType = "com.apple.product-type.application";
		};
		26133C1D2682F310009EEF97 /* NewsUITests */ = {
			isa = PBXNativeTarget;
			buildConfigurationList = 26133C332682F310009EEF97 /* Build configuration list for PBXNativeTarget "NewsUITests" */;
			buildPhases = (
				26133C1A2682F310009EEF97 /* Sources */,
				26133C1B2682F310009EEF97 /* Frameworks */,
				26133C1C2682F310009EEF97 /* Resources */,
			);
			buildRules = (
			);
			dependencies = (
				26133C202682F310009EEF97 /* PBXTargetDependency */,
			);
			name = NewsUITests;
			productName = NewsUITests;
			productReference = 26133C1E2682F310009EEF97 /* NewsUITests.xctest */;
			productType = "com.apple.product-type.bundle.unit-test";
		};
		26133C272682F310009EEF97 /* NewsUIUITests */ = {
			isa = PBXNativeTarget;
			buildConfigurationList = 26133C362682F310009EEF97 /* Build configuration list for PBXNativeTarget "NewsUIUITests" */;
			buildPhases = (
				26133C242682F310009EEF97 /* Sources */,
				26133C252682F310009EEF97 /* Frameworks */,
				26133C262682F310009EEF97 /* Resources */,
			);
			buildRules = (
			);
			dependencies = (
				26133C2A2682F310009EEF97 /* PBXTargetDependency */,
			);
			name = NewsUIUITests;
			productName = NewsUIUITests;
			productReference = 26133C282682F310009EEF97 /* NewsUIUITests.xctest */;
			productType = "com.apple.product-type.bundle.ui-testing";
		};
/* End PBXNativeTarget section */

/* Begin PBXProject section */
		26133C062682F30F009EEF97 /* Project object */ = {
			isa = PBXProject;
			attributes = {
				BuildIndependentTargetsInParallel = 1;
				LastSwiftUpdateCheck = 1300;
				LastUpgradeCheck = 1300;
				TargetAttributes = {
					26133C0D2682F30F009EEF97 = {
						CreatedOnToolsVersion = 13.0;
					};
					26133C1D2682F310009EEF97 = {
						CreatedOnToolsVersion = 13.0;
						TestTargetID = 26133C0D2682F30F009EEF97;
					};
					26133C272682F310009EEF97 = {
						CreatedOnToolsVersion = 13.0;
						TestTargetID = 26133C0D2682F30F009EEF97;
					};
				};
			};
			buildConfigurationList = 26133C092682F30F009EEF97 /* Build configuration list for PBXProject "NewsUI" */;
			compatibilityVersion = "Xcode 13.0";
			developmentRegion = en;
			hasScannedForEncodings = 0;
			knownRegions = (
				en,
				Base,
			);
			mainGroup = 26133C052682F30F009EEF97;
			productRefGroup = 26133C0F2682F30F009EEF97 /* Products */;
			projectDirPath = "";
			projectRoot = "";
			targets = (
				26133C0D2682F30F009EEF97 /* NewsUI */,
				26133C1D2682F310009EEF97 /* NewsUITests */,
				26133C272682F310009EEF97 /* NewsUIUITests */,
			);
		};
/* End PBXProject section */

/* Begin PBXResourcesBuildPhase section */
		26133C0C2682F30F009EEF97 /* Resources */ = {
			isa = PBXResourcesBuildPhase;
			buildActionMask = 2147483647;
			files = (
				26133C192682F310009EEF97 /* Preview Assets.xcassets in Resources */,
				26133C162682F310009EEF97 /* Assets.xcassets in Resources */,
			);
			runOnlyForDeploymentPostprocessing = 0;
		};
		26133C1C2682F310009EEF97 /* Resources */ = {
			isa = PBXResourcesBuildPhase;
			buildActionMask = 2147483647;
			files = (
			);
			runOnlyForDeploymentPostprocessing = 0;
		};
		26133C262682F310009EEF97 /* Resources */ = {
			isa = PBXResourcesBuildPhase;
			buildActionMask = 2147483647;
			files = (
			);
			runOnlyForDeploymentPostprocessing = 0;
		};
/* End PBXResourcesBuildPhase section */

/* Begin PBXSourcesBuildPhase section */
		26133C0A2682F30F009EEF97 /* Sources */ = {
			isa = PBXSourcesBuildPhase;
			buildActionMask = 2147483647;
			files = (
				26133C142682F30F009EEF97 /* ContentView.swift in Sources */,
				26133C122682F30F009EEF97 /* NewsUIApp.swift in Sources */,
			);
			runOnlyForDeploymentPostprocessing = 0;
		};
		26133C1A2682F310009EEF97 /* Sources */ = {
			isa = PBXSourcesBuildPhase;
			buildActionMask = 2147483647;
			files = (
				26133C232682F310009EEF97 /* NewsUITests.swift in Sources */,
			);
			runOnlyForDeploymentPostprocessing = 0;
		};
		26133C242682F310009EEF97 /* Sources */ = {
			isa = PBXSourcesBuildPhase;
			buildActionMask = 2147483647;
			files = (
				26133C2D2682F310009EEF97 /* NewsUIUITests.swift in Sources */,
			);
			runOnlyForDeploymentPostprocessing = 0;
		};
/* End PBXSourcesBuildPhase section */

/* Begin PBXTargetDependency section */
		26133C202682F310009EEF97 /* PBXTargetDependency */ = {
			isa = PBXTargetDependency;
			target = 26133C0D2682F30F009EEF97 /* NewsUI */;
			targetProxy = 26133C1F2682F310009EEF97 /* PBXContainerItemProxy */;
		};
		26133C2A2682F310009EEF97 /* PBXTargetDependency */ = {
			isa = PBXTargetDependency;
			target = 26133C0D2682F30F009EEF97 /* NewsUI */;
			targetProxy = 26133C292682F310009EEF97 /* PBXContainerItemProxy */;
		};
/* End PBXTargetDependency section */

/* Begin XCBuildConfiguration section */
		26133C2E2682F310009EEF97 /* Debug */ = {
			isa = XCBuildConfiguration;
			buildSettings = {
				ALWAYS_SEARCH_USER_PATHS = NO;
				CLANG_ANALYZER_NONNULL = YES;
				CLANG_ANALYZER_NUMBER_OBJECT_CONVERSION = YES_AGGRESSIVE;
				CLANG_CXX_LANGUAGE_STANDARD = "gnu++14";
				CLANG_CXX_LIBRARY = "libc++";
				CLANG_ENABLE_MODULES = YES;
				CLANG_ENABLE_OBJC_ARC = YES;
				CLANG_ENABLE_OBJC_WEAK = YES;
				CLANG_WARN_BLOCK_CAPTURE_AUTORELEASING = YES;
				CLANG_WARN_BOOL_CONVERSION = YES;
				CLANG_WARN_COMMA = YES;
				CLANG_WARN_CONSTANT_CONVERSION = YES;
				CLANG_WARN_DEPRECATED_OBJC_IMPLEMENTATIONS = YES;
				CLANG_WARN_DIRECT_OBJC_ISA_USAGE = YES_ERROR;
				CLANG_WARN_DOCUMENTATION_COMMENTS = YES;
				CLANG_WARN_EMPTY_BODY = YES;
				CLANG_WARN_ENUM_CONVERSION = YES;
				CLANG_WARN_INFINITE_RECURSION = YES;
				CLANG_WARN_INT_CONVERSION = YES;
				CLANG_WARN_NON_LITERAL_NULL_CONVERSION = YES;
				CLANG_WARN_OBJC_IMPLICIT_RETAIN_SELF = YES;
				CLANG_WARN_OBJC_LITERAL_CONVERSION = YES;
				CLANG_WARN_OBJC_ROOT_CLASS = YES_ERROR;
				CLANG_WARN_QUOTED_INCLUDE_IN_FRAMEWORK_HEADER = YES;
				CLANG_WARN_RANGE_LOOP_ANALYSIS = YES;
				CLANG_WARN_STRICT_PROTOTYPES = YES;
				CLANG_WARN_SUSPICIOUS_MOVE = YES;
				CLANG_WARN_UNGUARDED_AVAILABILITY = YES_AGGRESSIVE;
				CLANG_WARN_UNREACHABLE_CODE = YES;
				CLANG_WARN__DUPLICATE_METHOD_MATCH = YES;
				COPY_PHASE_STRIP = NO;
				DEBUG_INFORMATION_FORMAT = dwarf;
				ENABLE_STRICT_OBJC_MSGSEND = YES;
				ENABLE_TESTABILITY = YES;
				GCC_C_LANGUAGE_STANDARD = gnu11;
				GCC_DYNAMIC_NO_PIC = NO;
				GCC_NO_COMMON_BLOCKS = YES;
				GCC_OPTIMIZATION_LEVEL = 0;
				GCC_PREPROCESSOR_DEFINITIONS = (
					"DEBUG=1",
					"$(inherited)",
				);
				GCC_WARN_64_TO_32_BIT_CONVERSION = YES;
				GCC_WARN_ABOUT_RETURN_TYPE = YES_ERROR;
				GCC_WARN_UNDECLARED_SELECTOR = YES;
				GCC_WARN_UNINITIALIZED_AUTOS = YES_AGGRESSIVE;
				GCC_WARN_UNUSED_FUNCTION = YES;
				GCC_WARN_UNUSED_VARIABLE = YES;
				IPHONEOS_DEPLOYMENT_TARGET = 15.0;
				MTL_ENABLE_DEBUG_INFO = INCLUDE_SOURCE;
				MTL_FAST_MATH = YES;
				ONLY_ACTIVE_ARCH = YES;
				SDKROOT = iphoneos;
				SWIFT_ACTIVE_COMPILATION_CONDITIONS = DEBUG;
				SWIFT_OPTIMIZATION_LEVEL = "-Onone";
			};
			name = Debug;
		};
		26133C2F2682F310009EEF97 /* Release */ = {
			isa = XCBuildConfiguration;
			buildSettings = {
				ALWAYS_SEARCH_USER_PATHS = NO;
				CLANG_ANALYZER_NONNULL = YES;
				CLANG_ANALYZER_NUMBER_OBJECT_CONVERSION = YES_AGGRESSIVE;
				CLANG_CXX_LANGUAGE_STANDARD = "gnu++14";
				CLANG_CXX_LIBRARY = "libc++";
				CLANG_ENABLE_MODULES = YES;
				CLANG_ENABLE_OBJC_ARC = YES;
				CLANG_ENABLE_OBJC_WEAK = YES;
				CLANG_WARN_BLOCK_CAPTURE_AUTORELEASING = YES;
				CLANG_WARN_BOOL_CONVERSION = YES;
				CLANG_WARN_COMMA = YES;
				CLANG_WARN_CONSTANT_CONVERSION = YES;
				CLANG_WARN_DEPRECATED_OBJC_IMPLEMENTATIONS = YES;
				CLANG_WARN_DIRECT_OBJC_ISA_USAGE = YES_ERROR;
				CLANG_WARN_DOCUMENTATION_COMMENTS = YES;
				CLANG_WARN_EMPTY_BODY = YES;
				CLANG_WARN_ENUM_CONVERSION = YES;
				CLANG_WARN_INFINITE_RECURSION = YES;
				CLANG_WARN_INT_CONVERSION = YES;
				CLANG_WARN_NON_LITERAL_NULL_CONVERSION = YES;
				CLANG_WARN_OBJC_IMPLICIT_RETAIN_SELF = YES;
				CLANG_WARN_OBJC_LITERAL_CONVERSION = YES;
				CLANG_WARN_OBJC_ROOT_CLASS = YES_ERROR;
				CLANG_WARN_QUOTED_INCLUDE_IN_FRAMEWORK_HEADER = YES;
				CLANG_WARN_RANGE_LOOP_ANALYSIS = YES;
				CLANG_WARN_STRICT_PROTOTYPES = YES;
				CLANG_WARN_SUSPICIOUS_MOVE = YES;
				CLANG_WARN_UNGUARDED_AVAILABILITY = YES_AGGRESSIVE;
				CLANG_WARN_UNREACHABLE_CODE = YES;
				CLANG_WARN__DUPLICATE_METHOD_MATCH = YES;
				COPY_PHASE_STRIP = NO;
				DEBUG_INFORMATION_FORMAT = "dwarf-with-dsym";
				ENABLE_NS_ASSERTIONS = NO;
				ENABLE_STRICT_OBJC_MSGSEND = YES;
				GCC_C_LANGUAGE_STANDARD = gnu11;
				GCC_NO_COMMON_BLOCKS = YES;
				GCC_WARN_64_TO_32_BIT_CONVERSION = YES;
				GCC_WARN_ABOUT_RETURN_TYPE = YES_ERROR;
				GCC_WARN_UNDECLARED_SELECTOR = YES;
				GCC_WARN_UNINITIALIZED_AUTOS = YES_AGGRESSIVE;
				GCC_WARN_UNUSED_FUNCTION = YES;
				GCC_WARN_UNUSED_VARIABLE = YES;
				IPHONEOS_DEPLOYMENT_TARGET = 15.0;
				MTL_ENABLE_DEBUG_INFO = NO;
				MTL_FAST_MATH = YES;
				SDKROOT = iphoneos;
				SWIFT_COMPILATION_MODE = wholemodule;
				SWIFT_OPTIMIZATION_LEVEL = "-O";
				VALIDATE_PRODUCT = YES;
			};
			name = Release;
		};
		26133C312682F310009EEF97 /* Debug */ = {
			isa = XCBuildConfiguration;
			buildSettings = {
				ASSETCATALOG_COMPILER_APPICON_NAME = AppIcon;
				ASSETCATALOG_COMPILER_GLOBAL_ACCENT_COLOR_NAME = AccentColor;
				CODE_SIGN_STYLE = Automatic;
				CURRENT_PROJECT_VERSION = 1;
				DEVELOPMENT_ASSET_PATHS = "\"NewsUI/Preview Content\"";
				DEVELOPMENT_TEAM = GCXLS66975;
				ENABLE_PREVIEWS = YES;
				GENERATE_INFOPLIST_FILE = YES;
				INFOPLIST_KEY_UIApplicationSceneManifest_Generation = YES;
				INFOPLIST_KEY_UIApplicationSupportsIndirectInputEvents = YES;
				INFOPLIST_KEY_UILaunchScreen_Generation = YES;
				INFOPLIST_KEY_UISupportedInterfaceOrientations_iPad = "UIInterfaceOrientationPortrait UIInterfaceOrientationPortraitUpsideDown UIInterfaceOrientationLandscapeLeft UIInterfaceOrientationLandscapeRight";
				INFOPLIST_KEY_UISupportedInterfaceOrientations_iPhone = "UIInterfaceOrientationPortrait UIInterfaceOrientationLandscapeLeft UIInterfaceOrientationLandscapeRight";
				IPHONEOS_DEPLOYMENT_TARGET = 14.0;
				LD_RUNPATH_SEARCH_PATHS = (
					"$(inherited)",
					"@executable_path/Frameworks",
				);
				MARKETING_VERSION = 1.0;
				PRODUCT_BUNDLE_IDENTIFIER = dev.mtfum.NewsUI;
				PRODUCT_NAME = "$(TARGET_NAME)";
				SWIFT_EMIT_LOC_STRINGS = YES;
				SWIFT_VERSION = 5.0;
				TARGETED_DEVICE_FAMILY = "1,2";
			};
			name = Debug;
		};
		26133C322682F310009EEF97 /* Release */ = {
			isa = XCBuildConfiguration;
			buildSettings = {
				ASSETCATALOG_COMPILER_APPICON_NAME = AppIcon;
				ASSETCATALOG_COMPILER_GLOBAL_ACCENT_COLOR_NAME = AccentColor;
				CODE_SIGN_STYLE = Automatic;
				CURRENT_PROJECT_VERSION = 1;
				DEVELOPMENT_ASSET_PATHS = "\"NewsUI/Preview Content\"";
				DEVELOPMENT_TEAM = GCXLS66975;
				ENABLE_PREVIEWS = YES;
				GENERATE_INFOPLIST_FILE = YES;
				INFOPLIST_KEY_UIApplicationSceneManifest_Generation = YES;
				INFOPLIST_KEY_UIApplicationSupportsIndirectInputEvents = YES;
				INFOPLIST_KEY_UILaunchScreen_Generation = YES;
				INFOPLIST_KEY_UISupportedInterfaceOrientations_iPad = "UIInterfaceOrientationPortrait UIInterfaceOrientationPortraitUpsideDown UIInterfaceOrientationLandscapeLeft UIInterfaceOrientationLandscapeRight";
				INFOPLIST_KEY_UISupportedInterfaceOrientations_iPhone = "UIInterfaceOrientationPortrait UIInterfaceOrientationLandscapeLeft UIInterfaceOrientationLandscapeRight";
				IPHONEOS_DEPLOYMENT_TARGET = 14.0;
				LD_RUNPATH_SEARCH_PATHS = (
					"$(inherited)",
					"@executable_path/Frameworks",
				);
				MARKETING_VERSION = 1.0;
				PRODUCT_BUNDLE_IDENTIFIER = dev.mtfum.NewsUI;
				PRODUCT_NAME = "$(TARGET_NAME)";
				SWIFT_EMIT_LOC_STRINGS = YES;
				SWIFT_VERSION = 5.0;
				TARGETED_DEVICE_FAMILY = "1,2";
			};
			name = Release;
		};
		26133C342682F310009EEF97 /* Debug */ = {
			isa = XCBuildConfiguration;
			buildSettings = {
				ALWAYS_EMBED_SWIFT_STANDARD_LIBRARIES = YES;
				BUNDLE_LOADER = "$(TEST_HOST)";
				CODE_SIGN_STYLE = Automatic;
				CURRENT_PROJECT_VERSION = 1;
				DEVELOPMENT_TEAM = GCXLS66975;
				GENERATE_INFOPLIST_FILE = YES;
				IPHONEOS_DEPLOYMENT_TARGET = 14.0;
				LD_RUNPATH_SEARCH_PATHS = (
					"$(inherited)",
					"@executable_path/Frameworks",
					"@loader_path/Frameworks",
				);
				MARKETING_VERSION = 1.0;
				PRODUCT_BUNDLE_IDENTIFIER = dev.mtfum.NewsUITests;
				PRODUCT_NAME = "$(TARGET_NAME)";
				SWIFT_EMIT_LOC_STRINGS = NO;
				SWIFT_VERSION = 5.0;
				TARGETED_DEVICE_FAMILY = "1,2";
				TEST_HOST = "$(BUILT_PRODUCTS_DIR)/NewsUI.app/NewsUI";
			};
			name = Debug;
		};
		26133C352682F310009EEF97 /* Release */ = {
			isa = XCBuildConfiguration;
			buildSettings = {
				ALWAYS_EMBED_SWIFT_STANDARD_LIBRARIES = YES;
				BUNDLE_LOADER = "$(TEST_HOST)";
				CODE_SIGN_STYLE = Automatic;
				CURRENT_PROJECT_VERSION = 1;
				DEVELOPMENT_TEAM = GCXLS66975;
				GENERATE_INFOPLIST_FILE = YES;
				IPHONEOS_DEPLOYMENT_TARGET = 14.0;
				LD_RUNPATH_SEARCH_PATHS = (
					"$(inherited)",
					"@executable_path/Frameworks",
					"@loader_path/Frameworks",
				);
				MARKETING_VERSION = 1.0;
				PRODUCT_BUNDLE_IDENTIFIER = dev.mtfum.NewsUITests;
				PRODUCT_NAME = "$(TARGET_NAME)";
				SWIFT_EMIT_LOC_STRINGS = NO;
				SWIFT_VERSION = 5.0;
				TARGETED_DEVICE_FAMILY = "1,2";
				TEST_HOST = "$(BUILT_PRODUCTS_DIR)/NewsUI.app/NewsUI";
			};
			name = Release;
		};
		26133C372682F310009EEF97 /* Debug */ = {
			isa = XCBuildConfiguration;
			buildSettings = {
				ALWAYS_EMBED_SWIFT_STANDARD_LIBRARIES = YES;
				CODE_SIGN_STYLE = Automatic;
				CURRENT_PROJECT_VERSION = 1;
				DEVELOPMENT_TEAM = GCXLS66975;
				GENERATE_INFOPLIST_FILE = YES;
				LD_RUNPATH_SEARCH_PATHS = (
					"$(inherited)",
					"@executable_path/Frameworks",
					"@loader_path/Frameworks",
				);
				MARKETING_VERSION = 1.0;
				PRODUCT_BUNDLE_IDENTIFIER = dev.mtfum.NewsUIUITests;
				PRODUCT_NAME = "$(TARGET_NAME)";
				SWIFT_EMIT_LOC_STRINGS = NO;
				SWIFT_VERSION = 5.0;
				TARGETED_DEVICE_FAMILY = "1,2";
				TEST_TARGET_NAME = NewsUI;
			};
			name = Debug;
		};
		26133C382682F310009EEF97 /* Release */ = {
			isa = XCBuildConfiguration;
			buildSettings = {
				ALWAYS_EMBED_SWIFT_STANDARD_LIBRARIES = YES;
				CODE_SIGN_STYLE = Automatic;
				CURRENT_PROJECT_VERSION = 1;
				DEVELOPMENT_TEAM = GCXLS66975;
				GENERATE_INFOPLIST_FILE = YES;
				LD_RUNPATH_SEARCH_PATHS = (
					"$(inherited)",
					"@executable_path/Frameworks",
					"@loader_path/Frameworks",
				);
				MARKETING_VERSION = 1.0;
				PRODUCT_BUNDLE_IDENTIFIER = dev.mtfum.NewsUIUITests;
				PRODUCT_NAME = "$(TARGET_NAME)";
				SWIFT_EMIT_LOC_STRINGS = NO;
				SWIFT_VERSION = 5.0;
				TARGETED_DEVICE_FAMILY = "1,2";
				TEST_TARGET_NAME = NewsUI;
			};
			name = Release;
		};
/* End XCBuildConfiguration section */

/* Begin XCConfigurationList section */
		26133C092682F30F009EEF97 /* Build configuration list for PBXProject "NewsUI" */ = {
			isa = XCConfigurationList;
			buildConfigurations = (
				26133C2E2682F310009EEF97 /* Debug */,
				26133C2F2682F310009EEF97 /* Release */,
			);
			defaultConfigurationIsVisible = 0;
			defaultConfigurationName = Release;
		};
		26133C302682F310009EEF97 /* Build configuration list for PBXNativeTarget "NewsUI" */ = {
			isa = XCConfigurationList;
			buildConfigurations = (
				26133C312682F310009EEF97 /* Debug */,
				26133C322682F310009EEF97 /* Release */,
			);
			defaultConfigurationIsVisible = 0;
			defaultConfigurationName = Release;
		};
		26133C332682F310009EEF97 /* Build configuration list for PBXNativeTarget "NewsUITests" */ = {
			isa = XCConfigurationList;
			buildConfigurations = (
				26133C342682F310009EEF97 /* Debug */,
				26133C352682F310009EEF97 /* Release */,
			);
			defaultConfigurationIsVisible = 0;
			defaultConfigurationName = Release;
		};
		26133C362682F310009EEF97 /* Build configuration list for PBXNativeTarget "NewsUIUITests" */ = {
			isa = XCConfigurationList;
			buildConfigurations = (
				26133C372682F310009EEF97 /* Debug */,
				26133C382682F310009EEF97 /* Release */,
			);
			defaultConfigurationIsVisible = 0;
			defaultConfigurationName = Release;
		};
/* End XCConfigurationList section */
	};
	rootObject = 26133C062682F30F009EEF97 /* Project object */;
}
