// !$*UTF8*$!
{
	archiveVersion = 1;
	classes = {
	};
	objectVersion = 55;
	objects = {

/* Begin PBXBuildFile section */
		26095BF926AC8EB700366ADD /* AppFeature in Frameworks */ = {isa = PBXBuildFile; productRef = 26095BF826AC8EB700366ADD /* AppFeature */; };
		26095C1A26AC906700366ADD /* WidgetKit.framework in Frameworks */ = {isa = PBXBuildFile; fileRef = 26095C1926AC906700366ADD /* WidgetKit.framework */; };
		26095C1C26AC906700366ADD /* SwiftUI.framework in Frameworks */ = {isa = PBXBuildFile; fileRef = 26095C1B26AC906700366ADD /* SwiftUI.framework */; };
		26095C1F26AC906700366ADD /* NewsUIWidget.swift in Sources */ = {isa = PBXBuildFile; fileRef = 26095C1E26AC906700366ADD /* NewsUIWidget.swift */; };
		26095C2226AC906800366ADD /* Assets.xcassets in Resources */ = {isa = PBXBuildFile; fileRef = 26095C2126AC906800366ADD /* Assets.xcassets */; };
		26095C2426AC906800366ADD /* NewsUIWidget.intentdefinition in Sources */ = {isa = PBXBuildFile; fileRef = 26095C2026AC906700366ADD /* NewsUIWidget.intentdefinition */; };
		26095C2526AC906800366ADD /* NewsUIWidget.intentdefinition in Sources */ = {isa = PBXBuildFile; fileRef = 26095C2026AC906700366ADD /* NewsUIWidget.intentdefinition */; };
		26095C2826AC906800366ADD /* NewsUIWidgetExtension.appex in Embed App Extensions */ = {isa = PBXBuildFile; fileRef = 26095C1826AC906700366ADD /* NewsUIWidgetExtension.appex */; settings = {ATTRIBUTES = (RemoveHeadersOnCopy, ); }; };
		26D5E3ED26AC89AF00E9D90F /* NewsUIApp.swift in Sources */ = {isa = PBXBuildFile; fileRef = 26D5E3EC26AC89AF00E9D90F /* NewsUIApp.swift */; };
		26D5E3F126AC89B000E9D90F /* Assets.xcassets in Resources */ = {isa = PBXBuildFile; fileRef = 26D5E3F026AC89B000E9D90F /* Assets.xcassets */; };
		26D5E3F426AC89B000E9D90F /* Preview Assets.xcassets in Resources */ = {isa = PBXBuildFile; fileRef = 26D5E3F326AC89B000E9D90F /* Preview Assets.xcassets */; };
		26D5E3FC26AC89F200E9D90F /* HeadlinesFeature in Frameworks */ = {isa = PBXBuildFile; productRef = 26D5E3FB26AC89F200E9D90F /* HeadlinesFeature */; };
		26D5E3FE26AC89F200E9D90F /* SearchFeature in Frameworks */ = {isa = PBXBuildFile; productRef = 26D5E3FD26AC89F200E9D90F /* SearchFeature */; };
		26D5E40026AC89F200E9D90F /* SourcesFeature in Frameworks */ = {isa = PBXBuildFile; productRef = 26D5E3FF26AC89F200E9D90F /* SourcesFeature */; };
/* End PBXBuildFile section */

/* Begin PBXContainerItemProxy section */
		26095C2626AC906800366ADD /* PBXContainerItemProxy */ = {
			isa = PBXContainerItemProxy;
			containerPortal = 26D5E3E126AC89AF00E9D90F /* Project object */;
			proxyType = 1;
			remoteGlobalIDString = 26095C1726AC906700366ADD;
			remoteInfo = NewsUIWidgetExtension;
		};
/* End PBXContainerItemProxy section */

/* Begin PBXCopyFilesBuildPhase section */
		26095C2C26AC906800366ADD /* Embed App Extensions */ = {
			isa = PBXCopyFilesBuildPhase;
			buildActionMask = 2147483647;
			dstPath = "";
			dstSubfolderSpec = 13;
			files = (
				26095C2826AC906800366ADD /* NewsUIWidgetExtension.appex in Embed App Extensions */,
			);
			name = "Embed App Extensions";
			runOnlyForDeploymentPostprocessing = 0;
		};
/* End PBXCopyFilesBuildPhase section */

/* Begin PBXFileReference section */
		26095C1826AC906700366ADD /* NewsUIWidgetExtension.appex */ = {isa = PBXFileReference; explicitFileType = "wrapper.app-extension"; includeInIndex = 0; path = NewsUIWidgetExtension.appex; sourceTree = BUILT_PRODUCTS_DIR; };
		26095C1926AC906700366ADD /* WidgetKit.framework */ = {isa = PBXFileReference; lastKnownFileType = wrapper.framework; name = WidgetKit.framework; path = System/Library/Frameworks/WidgetKit.framework; sourceTree = SDKROOT; };
		26095C1B26AC906700366ADD /* SwiftUI.framework */ = {isa = PBXFileReference; lastKnownFileType = wrapper.framework; name = SwiftUI.framework; path = System/Library/Frameworks/SwiftUI.framework; sourceTree = SDKROOT; };
		26095C1E26AC906700366ADD /* NewsUIWidget.swift */ = {isa = PBXFileReference; lastKnownFileType = sourcecode.swift; path = NewsUIWidget.swift; sourceTree = "<group>"; };
		26095C2026AC906700366ADD /* NewsUIWidget.intentdefinition */ = {isa = PBXFileReference; lastKnownFileType = file.intentdefinition; path = NewsUIWidget.intentdefinition; sourceTree = "<group>"; };
		26095C2126AC906800366ADD /* Assets.xcassets */ = {isa = PBXFileReference; lastKnownFileType = folder.assetcatalog; path = Assets.xcassets; sourceTree = "<group>"; };
		26095C2326AC906800366ADD /* Info.plist */ = {isa = PBXFileReference; lastKnownFileType = text.plist.xml; path = Info.plist; sourceTree = "<group>"; };
		26D5E3E926AC89AF00E9D90F /* NewsUIApp.app */ = {isa = PBXFileReference; explicitFileType = wrapper.application; includeInIndex = 0; path = NewsUIApp.app; sourceTree = BUILT_PRODUCTS_DIR; };
		26D5E3EC26AC89AF00E9D90F /* NewsUIApp.swift */ = {isa = PBXFileReference; lastKnownFileType = sourcecode.swift; path = NewsUIApp.swift; sourceTree = "<group>"; };
		26D5E3F026AC89B000E9D90F /* Assets.xcassets */ = {isa = PBXFileReference; lastKnownFileType = folder.assetcatalog; path = Assets.xcassets; sourceTree = "<group>"; };
		26D5E3F326AC89B000E9D90F /* Preview Assets.xcassets */ = {isa = PBXFileReference; lastKnownFileType = folder.assetcatalog; path = "Preview Assets.xcassets"; sourceTree = "<group>"; };
/* End PBXFileReference section */

/* Begin PBXFrameworksBuildPhase section */
		26095C1526AC906700366ADD /* Frameworks */ = {
			isa = PBXFrameworksBuildPhase;
			buildActionMask = 2147483647;
			files = (
				26095C1C26AC906700366ADD /* SwiftUI.framework in Frameworks */,
				26095C1A26AC906700366ADD /* WidgetKit.framework in Frameworks */,
			);
			runOnlyForDeploymentPostprocessing = 0;
		};
		26D5E3E626AC89AF00E9D90F /* Frameworks */ = {
			isa = PBXFrameworksBuildPhase;
			buildActionMask = 2147483647;
			files = (
				26D5E3FC26AC89F200E9D90F /* HeadlinesFeature in Frameworks */,
				26D5E40026AC89F200E9D90F /* SourcesFeature in Frameworks */,
				26D5E3FE26AC89F200E9D90F /* SearchFeature in Frameworks */,
				26095BF926AC8EB700366ADD /* AppFeature in Frameworks */,
			);
			runOnlyForDeploymentPostprocessing = 0;
		};
/* End PBXFrameworksBuildPhase section */

/* Begin PBXGroup section */
		26095C1D26AC906700366ADD /* NewsUIWidget */ = {
			isa = PBXGroup;
			children = (
				26095C1E26AC906700366ADD /* NewsUIWidget.swift */,
				26095C2026AC906700366ADD /* NewsUIWidget.intentdefinition */,
				26095C2126AC906800366ADD /* Assets.xcassets */,
				26095C2326AC906800366ADD /* Info.plist */,
			);
			path = NewsUIWidget;
			sourceTree = "<group>";
		};
		26D5E3E026AC89AF00E9D90F = {
			isa = PBXGroup;
			children = (
				26D5E3EB26AC89AF00E9D90F /* NewsUIApp */,
				26095C1D26AC906700366ADD /* NewsUIWidget */,
				26D5E3EA26AC89AF00E9D90F /* Products */,
				26D5E3FA26AC89F200E9D90F /* Frameworks */,
			);
			sourceTree = "<group>";
		};
		26D5E3EA26AC89AF00E9D90F /* Products */ = {
			isa = PBXGroup;
			children = (
				26D5E3E926AC89AF00E9D90F /* NewsUIApp.app */,
				26095C1826AC906700366ADD /* NewsUIWidgetExtension.appex */,
			);
			name = Products;
			sourceTree = "<group>";
		};
		26D5E3EB26AC89AF00E9D90F /* NewsUIApp */ = {
			isa = PBXGroup;
			children = (
				26D5E3EC26AC89AF00E9D90F /* NewsUIApp.swift */,
				26D5E3F026AC89B000E9D90F /* Assets.xcassets */,
				26D5E3F226AC89B000E9D90F /* Preview Content */,
			);
			path = NewsUIApp;
			sourceTree = "<group>";
		};
		26D5E3F226AC89B000E9D90F /* Preview Content */ = {
			isa = PBXGroup;
			children = (
				26D5E3F326AC89B000E9D90F /* Preview Assets.xcassets */,
			);
			path = "Preview Content";
			sourceTree = "<group>";
		};
		26D5E3FA26AC89F200E9D90F /* Frameworks */ = {
			isa = PBXGroup;
			children = (
				26095C1926AC906700366ADD /* WidgetKit.framework */,
				26095C1B26AC906700366ADD /* SwiftUI.framework */,
			);
			name = Frameworks;
			sourceTree = "<group>";
		};
/* End PBXGroup section */

/* Begin PBXNativeTarget section */
		26095C1726AC906700366ADD /* NewsUIWidgetExtension */ = {
			isa = PBXNativeTarget;
			buildConfigurationList = 26095C2926AC906800366ADD /* Build configuration list for PBXNativeTarget "NewsUIWidgetExtension" */;
			buildPhases = (
				26095C1426AC906700366ADD /* Sources */,
				26095C1526AC906700366ADD /* Frameworks */,
				26095C1626AC906700366ADD /* Resources */,
			);
			buildRules = (
			);
			dependencies = (
			);
			name = NewsUIWidgetExtension;
			productName = NewsUIWidgetExtension;
			productReference = 26095C1826AC906700366ADD /* NewsUIWidgetExtension.appex */;
			productType = "com.apple.product-type.app-extension";
		};
		26D5E3E826AC89AF00E9D90F /* NewsUIApp */ = {
			isa = PBXNativeTarget;
			buildConfigurationList = 26D5E3F726AC89B000E9D90F /* Build configuration list for PBXNativeTarget "NewsUIApp" */;
			buildPhases = (
				26D5E3E526AC89AF00E9D90F /* Sources */,
				26D5E3E626AC89AF00E9D90F /* Frameworks */,
				26D5E3E726AC89AF00E9D90F /* Resources */,
				26095C2C26AC906800366ADD /* Embed App Extensions */,
			);
			buildRules = (
			);
			dependencies = (
				26095C2726AC906800366ADD /* PBXTargetDependency */,
			);
			name = NewsUIApp;
			packageProductDependencies = (
				26D5E3FB26AC89F200E9D90F /* HeadlinesFeature */,
				26D5E3FD26AC89F200E9D90F /* SearchFeature */,
				26D5E3FF26AC89F200E9D90F /* SourcesFeature */,
				26095BF826AC8EB700366ADD /* AppFeature */,
			);
			productName = NewsUIApp;
			productReference = 26D5E3E926AC89AF00E9D90F /* NewsUIApp.app */;
			productType = "com.apple.product-type.application";
		};
/* End PBXNativeTarget section */

/* Begin PBXProject section */
		26D5E3E126AC89AF00E9D90F /* Project object */ = {
			isa = PBXProject;
			attributes = {
				BuildIndependentTargetsInParallel = 1;
				LastSwiftUpdateCheck = 1300;
				LastUpgradeCheck = 1300;
				TargetAttributes = {
					26095C1726AC906700366ADD = {
						CreatedOnToolsVersion = 13.0;
					};
					26D5E3E826AC89AF00E9D90F = {
						CreatedOnToolsVersion = 13.0;
					};
				};
			};
			buildConfigurationList = 26D5E3E426AC89AF00E9D90F /* Build configuration list for PBXProject "NewsUIApp" */;
			compatibilityVersion = "Xcode 13.0";
			developmentRegion = en;
			hasScannedForEncodings = 0;
			knownRegions = (
				en,
				Base,
			);
			mainGroup = 26D5E3E026AC89AF00E9D90F;
			productRefGroup = 26D5E3EA26AC89AF00E9D90F /* Products */;
			projectDirPath = "";
			projectRoot = "";
			targets = (
				26D5E3E826AC89AF00E9D90F /* NewsUIApp */,
				26095C1726AC906700366ADD /* NewsUIWidgetExtension */,
			);
		};
/* End PBXProject section */

/* Begin PBXResourcesBuildPhase section */
		26095C1626AC906700366ADD /* Resources */ = {
			isa = PBXResourcesBuildPhase;
			buildActionMask = 2147483647;
			files = (
				26095C2226AC906800366ADD /* Assets.xcassets in Resources */,
			);
			runOnlyForDeploymentPostprocessing = 0;
		};
		26D5E3E726AC89AF00E9D90F /* Resources */ = {
			isa = PBXResourcesBuildPhase;
			buildActionMask = 2147483647;
			files = (
				26D5E3F426AC89B000E9D90F /* Preview Assets.xcassets in Resources */,
				26D5E3F126AC89B000E9D90F /* Assets.xcassets in Resources */,
			);
			runOnlyForDeploymentPostprocessing = 0;
		};
/* End PBXResourcesBuildPhase section */

/* Begin PBXSourcesBuildPhase section */
		26095C1426AC906700366ADD /* Sources */ = {
			isa = PBXSourcesBuildPhase;
			buildActionMask = 2147483647;
			files = (
				26095C1F26AC906700366ADD /* NewsUIWidget.swift in Sources */,
				26095C2426AC906800366ADD /* NewsUIWidget.intentdefinition in Sources */,
			);
			runOnlyForDeploymentPostprocessing = 0;
		};
		26D5E3E526AC89AF00E9D90F /* Sources */ = {
			isa = PBXSourcesBuildPhase;
			buildActionMask = 2147483647;
			files = (
				26D5E3ED26AC89AF00E9D90F /* NewsUIApp.swift in Sources */,
				26095C2526AC906800366ADD /* NewsUIWidget.intentdefinition in Sources */,
			);
			runOnlyForDeploymentPostprocessing = 0;
		};
/* End PBXSourcesBuildPhase section */

/* Begin PBXTargetDependency section */
		26095C2726AC906800366ADD /* PBXTargetDependency */ = {
			isa = PBXTargetDependency;
			target = 26095C1726AC906700366ADD /* NewsUIWidgetExtension */;
			targetProxy = 26095C2626AC906800366ADD /* PBXContainerItemProxy */;
		};
/* End PBXTargetDependency section */

/* Begin XCBuildConfiguration section */
		26095C2A26AC906800366ADD /* Debug */ = {
			isa = XCBuildConfiguration;
			buildSettings = {
				ASSETCATALOG_COMPILER_GLOBAL_ACCENT_COLOR_NAME = AccentColor;
				ASSETCATALOG_COMPILER_WIDGET_BACKGROUND_COLOR_NAME = WidgetBackground;
				CODE_SIGN_STYLE = Automatic;
				CURRENT_PROJECT_VERSION = 1;
				DEVELOPMENT_TEAM = GCXLS66975;
				GENERATE_INFOPLIST_FILE = YES;
				INFOPLIST_FILE = NewsUIWidget/Info.plist;
				INFOPLIST_KEY_CFBundleDisplayName = NewsUIWidget;
				INFOPLIST_KEY_NSHumanReadableCopyright = "";
				LD_RUNPATH_SEARCH_PATHS = (
					"$(inherited)",
					"@executable_path/Frameworks",
					"@executable_path/../../Frameworks",
				);
				MARKETING_VERSION = 1.0;
				PRODUCT_BUNDLE_IDENTIFIER = dev.mtfum.NewsUIApp.NewsUIWidget;
				PRODUCT_NAME = "$(TARGET_NAME)";
				SKIP_INSTALL = YES;
				SWIFT_EMIT_LOC_STRINGS = YES;
				SWIFT_VERSION = 5.0;
				TARGETED_DEVICE_FAMILY = "1,2";
			};
			name = Debug;
		};
		26095C2B26AC906800366ADD /* Release */ = {
			isa = XCBuildConfiguration;
			buildSettings = {
				ASSETCATALOG_COMPILER_GLOBAL_ACCENT_COLOR_NAME = AccentColor;
				ASSETCATALOG_COMPILER_WIDGET_BACKGROUND_COLOR_NAME = WidgetBackground;
				CODE_SIGN_STYLE = Automatic;
				CURRENT_PROJECT_VERSION = 1;
				DEVELOPMENT_TEAM = GCXLS66975;
				GENERATE_INFOPLIST_FILE = YES;
				INFOPLIST_FILE = NewsUIWidget/Info.plist;
				INFOPLIST_KEY_CFBundleDisplayName = NewsUIWidget;
				INFOPLIST_KEY_NSHumanReadableCopyright = "";
				LD_RUNPATH_SEARCH_PATHS = (
					"$(inherited)",
					"@executable_path/Frameworks",
					"@executable_path/../../Frameworks",
				);
				MARKETING_VERSION = 1.0;
				PRODUCT_BUNDLE_IDENTIFIER = dev.mtfum.NewsUIApp.NewsUIWidget;
				PRODUCT_NAME = "$(TARGET_NAME)";
				SKIP_INSTALL = YES;
				SWIFT_EMIT_LOC_STRINGS = YES;
				SWIFT_VERSION = 5.0;
				TARGETED_DEVICE_FAMILY = "1,2";
			};
			name = Release;
		};
		26D5E3F526AC89B000E9D90F /* Debug */ = {
			isa = XCBuildConfiguration;
			buildSettings = {
				ALWAYS_SEARCH_USER_PATHS = NO;
				CLANG_ANALYZER_NONNULL = YES;
				CLANG_ANALYZER_NUMBER_OBJECT_CONVERSION = YES_AGGRESSIVE;
				CLANG_CXX_LANGUAGE_STANDARD = "gnu++17";
				CLANG_CXX_LIBRARY = "libc++";
				CLANG_ENABLE_MODULES = YES;
				CLANG_ENABLE_OBJC_ARC = YES;
				CLANG_ENABLE_OBJC_WEAK = YES;
				CLANG_WARN_BLOCK_CAPTURE_AUTORELEASING = YES;
				CLANG_WARN_BOOL_CONVERSION = YES;
				CLANG_WARN_COMMA = YES;
				CLANG_WARN_CONSTANT_CONVERSION = YES;
				CLANG_WARN_DEPRECATED_OBJC_IMPLEMENTATIONS = YES;
				CLANG_WARN_DIRECT_OBJC_ISA_USAGE = YES_ERROR;
				CLANG_WARN_DOCUMENTATION_COMMENTS = YES;
				CLANG_WARN_EMPTY_BODY = YES;
				CLANG_WARN_ENUM_CONVERSION = YES;
				CLANG_WARN_INFINITE_RECURSION = YES;
				CLANG_WARN_INT_CONVERSION = YES;
				CLANG_WARN_NON_LITERAL_NULL_CONVERSION = YES;
				CLANG_WARN_OBJC_IMPLICIT_RETAIN_SELF = YES;
				CLANG_WARN_OBJC_LITERAL_CONVERSION = YES;
				CLANG_WARN_OBJC_ROOT_CLASS = YES_ERROR;
				CLANG_WARN_QUOTED_INCLUDE_IN_FRAMEWORK_HEADER = YES;
				CLANG_WARN_RANGE_LOOP_ANALYSIS = YES;
				CLANG_WARN_STRICT_PROTOTYPES = YES;
				CLANG_WARN_SUSPICIOUS_MOVE = YES;
				CLANG_WARN_UNGUARDED_AVAILABILITY = YES_AGGRESSIVE;
				CLANG_WARN_UNREACHABLE_CODE = YES;
				CLANG_WARN__DUPLICATE_METHOD_MATCH = YES;
				COPY_PHASE_STRIP = NO;
				DEBUG_INFORMATION_FORMAT = dwarf;
				ENABLE_STRICT_OBJC_MSGSEND = YES;
				ENABLE_TESTABILITY = YES;
				GCC_C_LANGUAGE_STANDARD = gnu11;
				GCC_DYNAMIC_NO_PIC = NO;
				GCC_NO_COMMON_BLOCKS = YES;
				GCC_OPTIMIZATION_LEVEL = 0;
				GCC_PREPROCESSOR_DEFINITIONS = (
					"DEBUG=1",
					"$(inherited)",
				);
				GCC_WARN_64_TO_32_BIT_CONVERSION = YES;
				GCC_WARN_ABOUT_RETURN_TYPE = YES_ERROR;
				GCC_WARN_UNDECLARED_SELECTOR = YES;
				GCC_WARN_UNINITIALIZED_AUTOS = YES_AGGRESSIVE;
				GCC_WARN_UNUSED_FUNCTION = YES;
				GCC_WARN_UNUSED_VARIABLE = YES;
				IPHONEOS_DEPLOYMENT_TARGET = 15.0;
				MTL_ENABLE_DEBUG_INFO = INCLUDE_SOURCE;
				MTL_FAST_MATH = YES;
				ONLY_ACTIVE_ARCH = YES;
				SDKROOT = iphoneos;
				SWIFT_ACTIVE_COMPILATION_CONDITIONS = DEBUG;
				SWIFT_OPTIMIZATION_LEVEL = "-Onone";
			};
			name = Debug;
		};
		26D5E3F626AC89B000E9D90F /* Release */ = {
			isa = XCBuildConfiguration;
			buildSettings = {
				ALWAYS_SEARCH_USER_PATHS = NO;
				CLANG_ANALYZER_NONNULL = YES;
				CLANG_ANALYZER_NUMBER_OBJECT_CONVERSION = YES_AGGRESSIVE;
				CLANG_CXX_LANGUAGE_STANDARD = "gnu++17";
				CLANG_CXX_LIBRARY = "libc++";
				CLANG_ENABLE_MODULES = YES;
				CLANG_ENABLE_OBJC_ARC = YES;
				CLANG_ENABLE_OBJC_WEAK = YES;
				CLANG_WARN_BLOCK_CAPTURE_AUTORELEASING = YES;
				CLANG_WARN_BOOL_CONVERSION = YES;
				CLANG_WARN_COMMA = YES;
				CLANG_WARN_CONSTANT_CONVERSION = YES;
				CLANG_WARN_DEPRECATED_OBJC_IMPLEMENTATIONS = YES;
				CLANG_WARN_DIRECT_OBJC_ISA_USAGE = YES_ERROR;
				CLANG_WARN_DOCUMENTATION_COMMENTS = YES;
				CLANG_WARN_EMPTY_BODY = YES;
				CLANG_WARN_ENUM_CONVERSION = YES;
				CLANG_WARN_INFINITE_RECURSION = YES;
				CLANG_WARN_INT_CONVERSION = YES;
				CLANG_WARN_NON_LITERAL_NULL_CONVERSION = YES;
				CLANG_WARN_OBJC_IMPLICIT_RETAIN_SELF = YES;
				CLANG_WARN_OBJC_LITERAL_CONVERSION = YES;
				CLANG_WARN_OBJC_ROOT_CLASS = YES_ERROR;
				CLANG_WARN_QUOTED_INCLUDE_IN_FRAMEWORK_HEADER = YES;
				CLANG_WARN_RANGE_LOOP_ANALYSIS = YES;
				CLANG_WARN_STRICT_PROTOTYPES = YES;
				CLANG_WARN_SUSPICIOUS_MOVE = YES;
				CLANG_WARN_UNGUARDED_AVAILABILITY = YES_AGGRESSIVE;
				CLANG_WARN_UNREACHABLE_CODE = YES;
				CLANG_WARN__DUPLICATE_METHOD_MATCH = YES;
				COPY_PHASE_STRIP = NO;
				DEBUG_INFORMATION_FORMAT = "dwarf-with-dsym";
				ENABLE_NS_ASSERTIONS = NO;
				ENABLE_STRICT_OBJC_MSGSEND = YES;
				GCC_C_LANGUAGE_STANDARD = gnu11;
				GCC_NO_COMMON_BLOCKS = YES;
				GCC_WARN_64_TO_32_BIT_CONVERSION = YES;
				GCC_WARN_ABOUT_RETURN_TYPE = YES_ERROR;
				GCC_WARN_UNDECLARED_SELECTOR = YES;
				GCC_WARN_UNINITIALIZED_AUTOS = YES_AGGRESSIVE;
				GCC_WARN_UNUSED_FUNCTION = YES;
				GCC_WARN_UNUSED_VARIABLE = YES;
				IPHONEOS_DEPLOYMENT_TARGET = 15.0;
				MTL_ENABLE_DEBUG_INFO = NO;
				MTL_FAST_MATH = YES;
				SDKROOT = iphoneos;
				SWIFT_COMPILATION_MODE = wholemodule;
				SWIFT_OPTIMIZATION_LEVEL = "-O";
				VALIDATE_PRODUCT = YES;
			};
			name = Release;
		};
		26D5E3F826AC89B000E9D90F /* Debug */ = {
			isa = XCBuildConfiguration;
			buildSettings = {
				ALWAYS_EMBED_SWIFT_STANDARD_LIBRARIES = YES;
				ASSETCATALOG_COMPILER_APPICON_NAME = AppIcon;
				ASSETCATALOG_COMPILER_GLOBAL_ACCENT_COLOR_NAME = AccentColor;
				CODE_SIGN_STYLE = Automatic;
				CURRENT_PROJECT_VERSION = 1;
				DEVELOPMENT_ASSET_PATHS = "\"NewsUIApp/Preview Content\"";
				DEVELOPMENT_TEAM = GCXLS66975;
				ENABLE_PREVIEWS = YES;
				GENERATE_INFOPLIST_FILE = YES;
				INFOPLIST_KEY_UIApplicationSceneManifest_Generation = YES;
				INFOPLIST_KEY_UIApplicationSupportsIndirectInputEvents = YES;
				INFOPLIST_KEY_UILaunchScreen_Generation = YES;
				INFOPLIST_KEY_UISupportedInterfaceOrientations_iPad = "UIInterfaceOrientationPortrait UIInterfaceOrientationPortraitUpsideDown UIInterfaceOrientationLandscapeLeft UIInterfaceOrientationLandscapeRight";
				INFOPLIST_KEY_UISupportedInterfaceOrientations_iPhone = "UIInterfaceOrientationPortrait UIInterfaceOrientationLandscapeLeft UIInterfaceOrientationLandscapeRight";
				IPHONEOS_DEPLOYMENT_TARGET = 15.0;
				LD_RUNPATH_SEARCH_PATHS = (
					"$(inherited)",
					"@executable_path/Frameworks",
				);
				MARKETING_VERSION = 1.0;
				PRODUCT_BUNDLE_IDENTIFIER = dev.mtfum.NewsUIApp;
				PRODUCT_NAME = "$(TARGET_NAME)";
				SWIFT_EMIT_LOC_STRINGS = YES;
				SWIFT_VERSION = 5.0;
				TARGETED_DEVICE_FAMILY = "1,2";
			};
			name = Debug;
		};
		26D5E3F926AC89B000E9D90F /* Release */ = {
			isa = XCBuildConfiguration;
			buildSettings = {
				ALWAYS_EMBED_SWIFT_STANDARD_LIBRARIES = YES;
				ASSETCATALOG_COMPILER_APPICON_NAME = AppIcon;
				ASSETCATALOG_COMPILER_GLOBAL_ACCENT_COLOR_NAME = AccentColor;
				CODE_SIGN_STYLE = Automatic;
				CURRENT_PROJECT_VERSION = 1;
				DEVELOPMENT_ASSET_PATHS = "\"NewsUIApp/Preview Content\"";
				DEVELOPMENT_TEAM = GCXLS66975;
				ENABLE_PREVIEWS = YES;
				GENERATE_INFOPLIST_FILE = YES;
				INFOPLIST_KEY_UIApplicationSceneManifest_Generation = YES;
				INFOPLIST_KEY_UIApplicationSupportsIndirectInputEvents = YES;
				INFOPLIST_KEY_UILaunchScreen_Generation = YES;
				INFOPLIST_KEY_UISupportedInterfaceOrientations_iPad = "UIInterfaceOrientationPortrait UIInterfaceOrientationPortraitUpsideDown UIInterfaceOrientationLandscapeLeft UIInterfaceOrientationLandscapeRight";
				INFOPLIST_KEY_UISupportedInterfaceOrientations_iPhone = "UIInterfaceOrientationPortrait UIInterfaceOrientationLandscapeLeft UIInterfaceOrientationLandscapeRight";
				IPHONEOS_DEPLOYMENT_TARGET = 15.0;
				LD_RUNPATH_SEARCH_PATHS = (
					"$(inherited)",
					"@executable_path/Frameworks",
				);
				MARKETING_VERSION = 1.0;
				PRODUCT_BUNDLE_IDENTIFIER = dev.mtfum.NewsUIApp;
				PRODUCT_NAME = "$(TARGET_NAME)";
				SWIFT_EMIT_LOC_STRINGS = YES;
				SWIFT_VERSION = 5.0;
				TARGETED_DEVICE_FAMILY = "1,2";
			};
			name = Release;
		};
/* End XCBuildConfiguration section */

/* Begin XCConfigurationList section */
		26095C2926AC906800366ADD /* Build configuration list for PBXNativeTarget "NewsUIWidgetExtension" */ = {
			isa = XCConfigurationList;
			buildConfigurations = (
				26095C2A26AC906800366ADD /* Debug */,
				26095C2B26AC906800366ADD /* Release */,
			);
			defaultConfigurationIsVisible = 0;
			defaultConfigurationName = Release;
		};
		26D5E3E426AC89AF00E9D90F /* Build configuration list for PBXProject "NewsUIApp" */ = {
			isa = XCConfigurationList;
			buildConfigurations = (
				26D5E3F526AC89B000E9D90F /* Debug */,
				26D5E3F626AC89B000E9D90F /* Release */,
			);
			defaultConfigurationIsVisible = 0;
			defaultConfigurationName = Release;
		};
		26D5E3F726AC89B000E9D90F /* Build configuration list for PBXNativeTarget "NewsUIApp" */ = {
			isa = XCConfigurationList;
			buildConfigurations = (
				26D5E3F826AC89B000E9D90F /* Debug */,
				26D5E3F926AC89B000E9D90F /* Release */,
			);
			defaultConfigurationIsVisible = 0;
			defaultConfigurationName = Release;
		};
/* End XCConfigurationList section */

/* Begin XCSwiftPackageProductDependency section */
		26095BF826AC8EB700366ADD /* AppFeature */ = {
			isa = XCSwiftPackageProductDependency;
			productName = AppFeature;
		};
		26D5E3FB26AC89F200E9D90F /* HeadlinesFeature */ = {
			isa = XCSwiftPackageProductDependency;
			productName = HeadlinesFeature;
		};
		26D5E3FD26AC89F200E9D90F /* SearchFeature */ = {
			isa = XCSwiftPackageProductDependency;
			productName = SearchFeature;
		};
		26D5E3FF26AC89F200E9D90F /* SourcesFeature */ = {
			isa = XCSwiftPackageProductDependency;
			productName = SourcesFeature;
		};
/* End XCSwiftPackageProductDependency section */
	};
	rootObject = 26D5E3E126AC89AF00E9D90F /* Project object */;
}
